// !$*UTF8*$!
{
	archiveVersion = 1;
	classes = {
	};
	objectVersion = 46;
	objects = {

/* Begin PBXBuildFile section */
		3E40568915B238E3007E8B67 /* RootViewController.m in Sources */ = {isa = PBXBuildFile; fileRef = 3E40568715B238E3007E8B67 /* RootViewController.m */; };
		3E40568A15B238E3007E8B67 /* RootViewController.xib in Resources */ = {isa = PBXBuildFile; fileRef = 3E40568815B238E3007E8B67 /* RootViewController.xib */; };
		3E40568E15B24226007E8B67 /* PHLoginViewController.m in Sources */ = {isa = PBXBuildFile; fileRef = 3E40568C15B24226007E8B67 /* PHLoginViewController.m */; };
		3E40568F15B24226007E8B67 /* PHLoginViewController.xib in Resources */ = {isa = PBXBuildFile; fileRef = 3E40568D15B24226007E8B67 /* PHLoginViewController.xib */; };
		3E40569115B253B1007E8B67 /* dummy_hunts.json in Resources */ = {isa = PBXBuildFile; fileRef = 3E40569015B253B1007E8B67 /* dummy_hunts.json */; };
		3E40569415B25A8B007E8B67 /* PHHuntTableVC.m in Sources */ = {isa = PBXBuildFile; fileRef = 3E40569315B25A8B007E8B67 /* PHHuntTableVC.m */; };
		3EF2558A15B2251100002259 /* UIKit.framework in Frameworks */ = {isa = PBXBuildFile; fileRef = 3EF2558915B2251100002259 /* UIKit.framework */; };
		3EF2558C15B2251100002259 /* Foundation.framework in Frameworks */ = {isa = PBXBuildFile; fileRef = 3EF2558B15B2251100002259 /* Foundation.framework */; };
		3EF2558E15B2251100002259 /* CoreGraphics.framework in Frameworks */ = {isa = PBXBuildFile; fileRef = 3EF2558D15B2251100002259 /* CoreGraphics.framework */; };
		3EF2559415B2251100002259 /* InfoPlist.strings in Resources */ = {isa = PBXBuildFile; fileRef = 3EF2559215B2251100002259 /* InfoPlist.strings */; };
		3EF2559615B2251100002259 /* main.m in Sources */ = {isa = PBXBuildFile; fileRef = 3EF2559515B2251100002259 /* main.m */; };
		3EF2559A15B2251100002259 /* PHAppDelegate.m in Sources */ = {isa = PBXBuildFile; fileRef = 3EF2559915B2251100002259 /* PHAppDelegate.m */; };
		3EFD3D4015B2300400B28496 /* QuartzCore.framework in Frameworks */ = {isa = PBXBuildFile; fileRef = 3EFD3D3F15B2300400B28496 /* QuartzCore.framework */; };
		3EFD3D4315B2300B00B28496 /* Accelerate.framework in Frameworks */ = {isa = PBXBuildFile; fileRef = 3EFD3D4215B2300B00B28496 /* Accelerate.framework */; };
		3EFD3D4515B2301400B28496 /* StoreKit.framework in Frameworks */ = {isa = PBXBuildFile; fileRef = 3EFD3D4415B2301400B28496 /* StoreKit.framework */; };
		3EFD3D4715B2301C00B28496 /* libz.1.2.5.dylib in Frameworks */ = {isa = PBXBuildFile; fileRef = 3EFD3D4615B2301C00B28496 /* libz.1.2.5.dylib */; };
		3EFD3D4915B2302500B28496 /* libsqlite3.0.dylib in Frameworks */ = {isa = PBXBuildFile; fileRef = 3EFD3D4815B2302500B28496 /* libsqlite3.0.dylib */; };
		3EFD3D4B15B2302A00B28496 /* CoreData.framework in Frameworks */ = {isa = PBXBuildFile; fileRef = 3EFD3D4A15B2302A00B28496 /* CoreData.framework */; };
		3EFD3D5B15B2318B00B28496 /* libAviarySDK.a in Frameworks */ = {isa = PBXBuildFile; fileRef = 3EFD3D5815B2318B00B28496 /* libAviarySDK.a */; };
		3EFD3D5C15B2318B00B28496 /* AviarySDKResources.bundle in Resources */ = {isa = PBXBuildFile; fileRef = 3EFD3D5A15B2318B00B28496 /* AviarySDKResources.bundle */; };
		68266BDE58364E018239FD66 /* libPods.a in Frameworks */ = {isa = PBXBuildFile; fileRef = 50A97EA835FC4757BB6B783B /* libPods.a */; };
/* End PBXBuildFile section */

/* Begin PBXFileReference section */
		3E40568615B238E3007E8B67 /* RootViewController.h */ = {isa = PBXFileReference; fileEncoding = 4; lastKnownFileType = sourcecode.c.h; path = RootViewController.h; sourceTree = "<group>"; };
		3E40568715B238E3007E8B67 /* RootViewController.m */ = {isa = PBXFileReference; fileEncoding = 4; lastKnownFileType = sourcecode.c.objc; path = RootViewController.m; sourceTree = "<group>"; };
		3E40568815B238E3007E8B67 /* RootViewController.xib */ = {isa = PBXFileReference; fileEncoding = 4; lastKnownFileType = file.xib; path = RootViewController.xib; sourceTree = "<group>"; };
		3E40568B15B24226007E8B67 /* PHLoginViewController.h */ = {isa = PBXFileReference; fileEncoding = 4; lastKnownFileType = sourcecode.c.h; path = PHLoginViewController.h; sourceTree = "<group>"; };
		3E40568C15B24226007E8B67 /* PHLoginViewController.m */ = {isa = PBXFileReference; fileEncoding = 4; lastKnownFileType = sourcecode.c.objc; path = PHLoginViewController.m; sourceTree = "<group>"; };
		3E40568D15B24226007E8B67 /* PHLoginViewController.xib */ = {isa = PBXFileReference; fileEncoding = 4; lastKnownFileType = file.xib; path = PHLoginViewController.xib; sourceTree = "<group>"; };
		3E40569015B253B1007E8B67 /* dummy_hunts.json */ = {isa = PBXFileReference; fileEncoding = 4; lastKnownFileType = text.json; path = dummy_hunts.json; sourceTree = "<group>"; };
		3E40569215B25A8B007E8B67 /* PHHuntTableVC.h */ = {isa = PBXFileReference; fileEncoding = 4; lastKnownFileType = sourcecode.c.h; path = PHHuntTableVC.h; sourceTree = "<group>"; };
		3E40569315B25A8B007E8B67 /* PHHuntTableVC.m */ = {isa = PBXFileReference; fileEncoding = 4; lastKnownFileType = sourcecode.c.objc; path = PHHuntTableVC.m; sourceTree = "<group>"; };
		3EF2558515B2251100002259 /* pherret.app */ = {isa = PBXFileReference; explicitFileType = wrapper.application; includeInIndex = 0; path = pherret.app; sourceTree = BUILT_PRODUCTS_DIR; };
		3EF2558915B2251100002259 /* UIKit.framework */ = {isa = PBXFileReference; includeInIndex = 1; lastKnownFileType = wrapper.framework; name = UIKit.framework; path = System/Library/Frameworks/UIKit.framework; sourceTree = SDKROOT; };
		3EF2558B15B2251100002259 /* Foundation.framework */ = {isa = PBXFileReference; includeInIndex = 1; lastKnownFileType = wrapper.framework; name = Foundation.framework; path = System/Library/Frameworks/Foundation.framework; sourceTree = SDKROOT; };
		3EF2558D15B2251100002259 /* CoreGraphics.framework */ = {isa = PBXFileReference; includeInIndex = 1; lastKnownFileType = wrapper.framework; name = CoreGraphics.framework; path = System/Library/Frameworks/CoreGraphics.framework; sourceTree = SDKROOT; };
		3EF2559115B2251100002259 /* pherret-Info.plist */ = {isa = PBXFileReference; lastKnownFileType = text.plist.xml; path = "pherret-Info.plist"; sourceTree = "<group>"; };
		3EF2559315B2251100002259 /* en */ = {isa = PBXFileReference; lastKnownFileType = text.plist.strings; name = en; path = en.lproj/InfoPlist.strings; sourceTree = "<group>"; };
		3EF2559515B2251100002259 /* main.m */ = {isa = PBXFileReference; lastKnownFileType = sourcecode.c.objc; path = main.m; sourceTree = "<group>"; };
		3EF2559715B2251100002259 /* pherret-Prefix.pch */ = {isa = PBXFileReference; lastKnownFileType = sourcecode.c.h; path = "pherret-Prefix.pch"; sourceTree = "<group>"; };
		3EF2559815B2251100002259 /* PHAppDelegate.h */ = {isa = PBXFileReference; lastKnownFileType = sourcecode.c.h; path = PHAppDelegate.h; sourceTree = "<group>"; };
		3EF2559915B2251100002259 /* PHAppDelegate.m */ = {isa = PBXFileReference; lastKnownFileType = sourcecode.c.objc; path = PHAppDelegate.m; sourceTree = "<group>"; };
		3EFD3D3F15B2300400B28496 /* QuartzCore.framework */ = {isa = PBXFileReference; lastKnownFileType = wrapper.framework; name = QuartzCore.framework; path = System/Library/Frameworks/QuartzCore.framework; sourceTree = SDKROOT; };
		3EFD3D4215B2300B00B28496 /* Accelerate.framework */ = {isa = PBXFileReference; lastKnownFileType = wrapper.framework; name = Accelerate.framework; path = System/Library/Frameworks/Accelerate.framework; sourceTree = SDKROOT; };
		3EFD3D4415B2301400B28496 /* StoreKit.framework */ = {isa = PBXFileReference; lastKnownFileType = wrapper.framework; name = StoreKit.framework; path = System/Library/Frameworks/StoreKit.framework; sourceTree = SDKROOT; };
		3EFD3D4615B2301C00B28496 /* libz.1.2.5.dylib */ = {isa = PBXFileReference; lastKnownFileType = "compiled.mach-o.dylib"; name = libz.1.2.5.dylib; path = usr/lib/libz.1.2.5.dylib; sourceTree = SDKROOT; };
		3EFD3D4815B2302500B28496 /* libsqlite3.0.dylib */ = {isa = PBXFileReference; lastKnownFileType = "compiled.mach-o.dylib"; name = libsqlite3.0.dylib; path = usr/lib/libsqlite3.0.dylib; sourceTree = SDKROOT; };
		3EFD3D4A15B2302A00B28496 /* CoreData.framework */ = {isa = PBXFileReference; lastKnownFileType = wrapper.framework; name = CoreData.framework; path = System/Library/Frameworks/CoreData.framework; sourceTree = SDKROOT; };
		3EFD3D4C15B230FF00B28496 /* libAviarySDK.a */ = {isa = PBXFileReference; lastKnownFileType = archive.ar; name = libAviarySDK.a; path = aviary/AviarySDK/libAviarySDK.a; sourceTree = "<group>"; };
		3EFD3D5315B2318B00B28496 /* AFPhotoEditorContext.h */ = {isa = PBXFileReference; fileEncoding = 4; lastKnownFileType = sourcecode.c.h; path = AFPhotoEditorContext.h; sourceTree = "<group>"; };
		3EFD3D5415B2318B00B28496 /* AFPhotoEditorController.h */ = {isa = PBXFileReference; fileEncoding = 4; lastKnownFileType = sourcecode.c.h; path = AFPhotoEditorController.h; sourceTree = "<group>"; };
		3EFD3D5515B2318B00B28496 /* AFPhotoEditorControllerOptions.h */ = {isa = PBXFileReference; fileEncoding = 4; lastKnownFileType = sourcecode.c.h; path = AFPhotoEditorControllerOptions.h; sourceTree = "<group>"; };
		3EFD3D5615B2318B00B28496 /* AFPhotoEditorSession.h */ = {isa = PBXFileReference; fileEncoding = 4; lastKnownFileType = sourcecode.c.h; path = AFPhotoEditorSession.h; sourceTree = "<group>"; };
		3EFD3D5715B2318B00B28496 /* AFPhotoEditorStyle.h */ = {isa = PBXFileReference; fileEncoding = 4; lastKnownFileType = sourcecode.c.h; path = AFPhotoEditorStyle.h; sourceTree = "<group>"; };
		3EFD3D5815B2318B00B28496 /* libAviarySDK.a */ = {isa = PBXFileReference; lastKnownFileType = archive.ar; path = libAviarySDK.a; sourceTree = "<group>"; };
		3EFD3D5A15B2318B00B28496 /* AviarySDKResources.bundle */ = {isa = PBXFileReference; lastKnownFileType = "wrapper.plug-in"; path = AviarySDKResources.bundle; sourceTree = "<group>"; };
		4F09B79AAA2D4DC3B5B052AD /* Pods.xcconfig */ = {isa = PBXFileReference; includeInIndex = 1; lastKnownFileType = text.xcconfig; name = Pods.xcconfig; path = Pods/Pods.xcconfig; sourceTree = SOURCE_ROOT; };
		50A97EA835FC4757BB6B783B /* libPods.a */ = {isa = PBXFileReference; explicitFileType = archive.ar; includeInIndex = 0; path = libPods.a; sourceTree = BUILT_PRODUCTS_DIR; };
/* End PBXFileReference section */

/* Begin PBXFrameworksBuildPhase section */
		3EF2558215B2251100002259 /* Frameworks */ = {
			isa = PBXFrameworksBuildPhase;
			buildActionMask = 2147483647;
			files = (
				3EFD3D4B15B2302A00B28496 /* CoreData.framework in Frameworks */,
				3EFD3D4915B2302500B28496 /* libsqlite3.0.dylib in Frameworks */,
				3EFD3D4715B2301C00B28496 /* libz.1.2.5.dylib in Frameworks */,
				3EFD3D4515B2301400B28496 /* StoreKit.framework in Frameworks */,
				3EFD3D4315B2300B00B28496 /* Accelerate.framework in Frameworks */,
				3EFD3D4015B2300400B28496 /* QuartzCore.framework in Frameworks */,
				3EF2558A15B2251100002259 /* UIKit.framework in Frameworks */,
				3EF2558C15B2251100002259 /* Foundation.framework in Frameworks */,
				3EF2558E15B2251100002259 /* CoreGraphics.framework in Frameworks */,
				68266BDE58364E018239FD66 /* libPods.a in Frameworks */,
				3EFD3D5B15B2318B00B28496 /* libAviarySDK.a in Frameworks */,
			);
			runOnlyForDeploymentPostprocessing = 0;
		};
/* End PBXFrameworksBuildPhase section */

/* Begin PBXGroup section */
		3EF2557A15B2251100002259 = {
			isa = PBXGroup;
			children = (
				3EF2558F15B2251100002259 /* pherret */,
				3EF2558815B2251100002259 /* Frameworks */,
				3EF2558615B2251100002259 /* Products */,
				4F09B79AAA2D4DC3B5B052AD /* Pods.xcconfig */,
			);
			sourceTree = "<group>";
		};
		3EF2558615B2251100002259 /* Products */ = {
			isa = PBXGroup;
			children = (
				3EF2558515B2251100002259 /* pherret.app */,
			);
			name = Products;
			sourceTree = "<group>";
		};
		3EF2558815B2251100002259 /* Frameworks */ = {
			isa = PBXGroup;
			children = (
				3EFD3D4C15B230FF00B28496 /* libAviarySDK.a */,
				3EFD3D4815B2302500B28496 /* libsqlite3.0.dylib */,
				3EFD3D4615B2301C00B28496 /* libz.1.2.5.dylib */,
				3EFD3D4A15B2302A00B28496 /* CoreData.framework */,
				3EFD3D4415B2301400B28496 /* StoreKit.framework */,
				3EFD3D4215B2300B00B28496 /* Accelerate.framework */,
				3EFD3D3F15B2300400B28496 /* QuartzCore.framework */,
				3EF2558915B2251100002259 /* UIKit.framework */,
				3EF2558B15B2251100002259 /* Foundation.framework */,
				3EF2558D15B2251100002259 /* CoreGraphics.framework */,
				50A97EA835FC4757BB6B783B /* libPods.a */,
			);
			name = Frameworks;
			sourceTree = "<group>";
		};
		3EF2558F15B2251100002259 /* pherret */ = {
			isa = PBXGroup;
			children = (
				3EFD3D5D15B2338700B28496 /* xibs */,
				3EF2559815B2251100002259 /* PHAppDelegate.h */,
				3EF2559915B2251100002259 /* PHAppDelegate.m */,
				3E40569215B25A8B007E8B67 /* PHHuntTableVC.h */,
				3E40569315B25A8B007E8B67 /* PHHuntTableVC.m */,
				3E40568615B238E3007E8B67 /* RootViewController.h */,
				3E40568715B238E3007E8B67 /* RootViewController.m */,
				3E40568B15B24226007E8B67 /* PHLoginViewController.h */,
				3E40568C15B24226007E8B67 /* PHLoginViewController.m */,
				3EFD3D5015B2318300B28496 /* external */,
				3EF2559015B2251100002259 /* Supporting Files */,
			);
			path = pherret;
			sourceTree = "<group>";
		};
		3EF2559015B2251100002259 /* Supporting Files */ = {
			isa = PBXGroup;
			children = (
				3EF2559115B2251100002259 /* pherret-Info.plist */,
				3EF2559215B2251100002259 /* InfoPlist.strings */,
				3EF2559515B2251100002259 /* main.m */,
				3EF2559715B2251100002259 /* pherret-Prefix.pch */,
			);
			name = "Supporting Files";
			sourceTree = "<group>";
		};
		3EFD3D5015B2318300B28496 /* external */ = {
			isa = PBXGroup;
			children = (
				3EFD3D5115B2318B00B28496 /* AviarySDK */,
				3E40569015B253B1007E8B67 /* dummy_hunts.json */,
			);
			name = external;
			sourceTree = "<group>";
		};
		3EFD3D5115B2318B00B28496 /* AviarySDK */ = {
			isa = PBXGroup;
			children = (
				3EFD3D5215B2318B00B28496 /* Headers */,
				3EFD3D5815B2318B00B28496 /* libAviarySDK.a */,
				3EFD3D5915B2318B00B28496 /* Resources */,
			);
			name = AviarySDK;
			path = aviary/AviarySDK;
			sourceTree = SOURCE_ROOT;
		};
		3EFD3D5215B2318B00B28496 /* Headers */ = {
			isa = PBXGroup;
			children = (
				3EFD3D5315B2318B00B28496 /* AFPhotoEditorContext.h */,
				3EFD3D5415B2318B00B28496 /* AFPhotoEditorController.h */,
				3EFD3D5515B2318B00B28496 /* AFPhotoEditorControllerOptions.h */,
				3EFD3D5615B2318B00B28496 /* AFPhotoEditorSession.h */,
				3EFD3D5715B2318B00B28496 /* AFPhotoEditorStyle.h */,
			);
			path = Headers;
			sourceTree = "<group>";
		};
		3EFD3D5915B2318B00B28496 /* Resources */ = {
			isa = PBXGroup;
			children = (
				3EFD3D5A15B2318B00B28496 /* AviarySDKResources.bundle */,
			);
			path = Resources;
			sourceTree = "<group>";
		};
		3EFD3D5D15B2338700B28496 /* xibs */ = {
			isa = PBXGroup;
			children = (
				3E40568D15B24226007E8B67 /* PHLoginViewController.xib */,
				3E40568815B238E3007E8B67 /* RootViewController.xib */,
			);
			name = xibs;
			sourceTree = "<group>";
		};
/* End PBXGroup section */

/* Begin PBXNativeTarget section */
		3EF2558415B2251100002259 /* pherret */ = {
			isa = PBXNativeTarget;
			buildConfigurationList = 3EF2559D15B2251100002259 /* Build configuration list for PBXNativeTarget "pherret" */;
			buildPhases = (
				3EF2558115B2251100002259 /* Sources */,
				3EF2558215B2251100002259 /* Frameworks */,
				3EF2558315B2251100002259 /* Resources */,
				442C8009F97640759094671D /* Copy Pods Resources */,
			);
			buildRules = (
			);
			dependencies = (
			);
			name = pherret;
			productName = pherret;
			productReference = 3EF2558515B2251100002259 /* pherret.app */;
			productType = "com.apple.product-type.application";
		};
/* End PBXNativeTarget section */

/* Begin PBXProject section */
		3EF2557C15B2251100002259 /* Project object */ = {
			isa = PBXProject;
			attributes = {
				CLASSPREFIX = PH;
				LastUpgradeCheck = 0450;
				ORGANIZATIONNAME = "Ethan Sherbondy";
			};
			buildConfigurationList = 3EF2557F15B2251100002259 /* Build configuration list for PBXProject "pherret" */;
			compatibilityVersion = "Xcode 3.2";
			developmentRegion = English;
			hasScannedForEncodings = 0;
			knownRegions = (
				en,
			);
			mainGroup = 3EF2557A15B2251100002259;
			productRefGroup = 3EF2558615B2251100002259 /* Products */;
			projectDirPath = "";
			projectRoot = "";
			targets = (
				3EF2558415B2251100002259 /* pherret */,
			);
		};
/* End PBXProject section */

/* Begin PBXResourcesBuildPhase section */
		3EF2558315B2251100002259 /* Resources */ = {
			isa = PBXResourcesBuildPhase;
			buildActionMask = 2147483647;
			files = (
				3EF2559415B2251100002259 /* InfoPlist.strings in Resources */,
				3EFD3D5C15B2318B00B28496 /* AviarySDKResources.bundle in Resources */,
				3E40568A15B238E3007E8B67 /* RootViewController.xib in Resources */,
				3E40568F15B24226007E8B67 /* PHLoginViewController.xib in Resources */,
				3E40569115B253B1007E8B67 /* dummy_hunts.json in Resources */,
			);
			runOnlyForDeploymentPostprocessing = 0;
		};
/* End PBXResourcesBuildPhase section */

/* Begin PBXShellScriptBuildPhase section */
		442C8009F97640759094671D /* Copy Pods Resources */ = {
			isa = PBXShellScriptBuildPhase;
			buildActionMask = 2147483647;
			files = (
			);
			inputPaths = (
			);
			name = "Copy Pods Resources";
			outputPaths = (
			);
			runOnlyForDeploymentPostprocessing = 0;
			shellPath = /bin/sh;
			shellScript = "\"${SRCROOT}/Pods/Pods-resources.sh\"\n";
		};
/* End PBXShellScriptBuildPhase section */

/* Begin PBXSourcesBuildPhase section */
		3EF2558115B2251100002259 /* Sources */ = {
			isa = PBXSourcesBuildPhase;
			buildActionMask = 2147483647;
			files = (
				3EF2559615B2251100002259 /* main.m in Sources */,
				3EF2559A15B2251100002259 /* PHAppDelegate.m in Sources */,
				3E40568915B238E3007E8B67 /* RootViewController.m in Sources */,
				3E40568E15B24226007E8B67 /* PHLoginViewController.m in Sources */,
				3E40569415B25A8B007E8B67 /* PHHuntTableVC.m in Sources */,
			);
			runOnlyForDeploymentPostprocessing = 0;
		};
/* End PBXSourcesBuildPhase section */

/* Begin PBXVariantGroup section */
		3EF2559215B2251100002259 /* InfoPlist.strings */ = {
			isa = PBXVariantGroup;
			children = (
				3EF2559315B2251100002259 /* en */,
			);
			name = InfoPlist.strings;
			sourceTree = "<group>";
		};
/* End PBXVariantGroup section */

/* Begin XCBuildConfiguration section */
		3EF2559B15B2251100002259 /* Debug */ = {
			isa = XCBuildConfiguration;
			buildSettings = {
				ALWAYS_SEARCH_USER_PATHS = NO;
				CLANG_CXX_LANGUAGE_STANDARD = "gnu++0x";
				CLANG_ENABLE_OBJC_ARC = YES;
				CLANG_WARN__DUPLICATE_METHOD_MATCH = YES;
				"CODE_SIGN_IDENTITY[sdk=iphoneos*]" = "iPhone Developer";
				COPY_PHASE_STRIP = NO;
				GCC_C_LANGUAGE_STANDARD = gnu99;
				GCC_DYNAMIC_NO_PIC = NO;
				GCC_OPTIMIZATION_LEVEL = 0;
				GCC_PREPROCESSOR_DEFINITIONS = (
					"DEBUG=1",
					"$(inherited)",
				);
				GCC_SYMBOLS_PRIVATE_EXTERN = NO;
				GCC_WARN_ABOUT_RETURN_TYPE = YES;
				GCC_WARN_UNINITIALIZED_AUTOS = YES;
				GCC_WARN_UNUSED_VARIABLE = YES;
				IPHONEOS_DEPLOYMENT_TARGET = 6.0;
				"PROVISIONING_PROFILE[sdk=iphoneos*]" = "";
				SDKROOT = iphoneos;
			};
			name = Debug;
		};
		3EF2559C15B2251100002259 /* Release */ = {
			isa = XCBuildConfiguration;
			buildSettings = {
				ALWAYS_SEARCH_USER_PATHS = NO;
				CLANG_CXX_LANGUAGE_STANDARD = "gnu++0x";
				CLANG_ENABLE_OBJC_ARC = YES;
				CLANG_WARN__DUPLICATE_METHOD_MATCH = YES;
				"CODE_SIGN_IDENTITY[sdk=iphoneos*]" = "iPhone Developer";
				COPY_PHASE_STRIP = YES;
				GCC_C_LANGUAGE_STANDARD = gnu99;
				GCC_WARN_ABOUT_RETURN_TYPE = YES;
				GCC_WARN_UNINITIALIZED_AUTOS = YES;
				GCC_WARN_UNUSED_VARIABLE = YES;
				IPHONEOS_DEPLOYMENT_TARGET = 6.0;
				OTHER_CFLAGS = "-DNS_BLOCK_ASSERTIONS=1";
				SDKROOT = iphoneos;
				VALIDATE_PRODUCT = YES;
			};
			name = Release;
		};
		3EF2559E15B2251100002259 /* Debug */ = {
			isa = XCBuildConfiguration;
			baseConfigurationReference = 4F09B79AAA2D4DC3B5B052AD /* Pods.xcconfig */;
			buildSettings = {
				GCC_PRECOMPILE_PREFIX_HEADER = YES;
				GCC_PREFIX_HEADER = "pherret/pherret-Prefix.pch";
				INFOPLIST_FILE = "pherret/pherret-Info.plist";
				IPHONEOS_DEPLOYMENT_TARGET = 5.0;
				LIBRARY_SEARCH_PATHS = (
					"$(inherited)",
					"\"$(SRCROOT)/aviary/AviarySDK\"",
				);
				PRODUCT_NAME = "$(TARGET_NAME)";
				WRAPPER_EXTENSION = app;
			};
			name = Debug;
		};
		3EF2559F15B2251100002259 /* Release */ = {
			isa = XCBuildConfiguration;
			baseConfigurationReference = 4F09B79AAA2D4DC3B5B052AD /* Pods.xcconfig */;
			buildSettings = {
				GCC_PRECOMPILE_PREFIX_HEADER = YES;
				GCC_PREFIX_HEADER = "pherret/pherret-Prefix.pch";
				INFOPLIST_FILE = "pherret/pherret-Info.plist";
				IPHONEOS_DEPLOYMENT_TARGET = 5.0;
				LIBRARY_SEARCH_PATHS = (
					"$(inherited)",
					"\"$(SRCROOT)/aviary/AviarySDK\"",
				);
				PRODUCT_NAME = "$(TARGET_NAME)";
				WRAPPER_EXTENSION = app;
			};
			name = Release;
		};
/* End XCBuildConfiguration section */

/* Begin XCConfigurationList section */
		3EF2557F15B2251100002259 /* Build configuration list for PBXProject "pherret" */ = {
			isa = XCConfigurationList;
			buildConfigurations = (
				3EF2559B15B2251100002259 /* Debug */,
				3EF2559C15B2251100002259 /* Release */,
			);
			defaultConfigurationIsVisible = 0;
			defaultConfigurationName = Release;
		};
		3EF2559D15B2251100002259 /* Build configuration list for PBXNativeTarget "pherret" */ = {
			isa = XCConfigurationList;
			buildConfigurations = (
				3EF2559E15B2251100002259 /* Debug */,
				3EF2559F15B2251100002259 /* Release */,
			);
			defaultConfigurationIsVisible = 0;
			defaultConfigurationName = Release;
		};
/* End XCConfigurationList section */
	};
	rootObject = 3EF2557C15B2251100002259 /* Project object */;
}
